
Microsoft Visual Studio Solution File, Format Version 12.00
# Visual Studio Version 17
VisualStudioVersion = 17.1.32210.238
MinimumVisualStudioVersion = 10.0.40219.1
Project("{8BC9CEB8-8B4A-11D0-8D11-00A0C91BC942}") = "TestProject", "TestProject\TestProject.vcxproj", "{AE9669D9-E66A-4822-AC53-E22F974A18E7}"
EndProject
Project("{8BC9CEB8-8B4A-11D0-8D11-00A0C91BC942}") = "CalculationsProject", "CalculationsProject\CalculationsProject.vcxproj", "{05672B27-9C18-4032-9C1C-060D7675C941}"
EndProject
Global
	GlobalSection(SolutionConfigurationPlatforms) = preSolution
		Debug|x64 = Debug|x64
		Debug|x86 = Debug|x86
		Release|x64 = Release|x64
		Release|x86 = Release|x86
	EndGlobalSection
	GlobalSection(ProjectConfigurationPlatforms) = postSolution
		{AE9669D9-E66A-4822-AC53-E22F974A18E7}.Debug|x64.ActiveCfg = Debug|x64
		{AE9669D9-E66A-4822-AC53-E22F974A18E7}.Debug|x64.Build.0 = Debug|x64
		{AE9669D9-E66A-4822-AC53-E22F974A18E7}.Debug|x86.ActiveCfg = Debug|Win32
		{AE9669D9-E66A-4822-AC53-E22F974A18E7}.Debug|x86.Build.0 = Debug|Win32
		{AE9669D9-E66A-4822-AC53-E22F974A18E7}.Release|x64.ActiveCfg = Release|x64
		{AE9669D9-E66A-4822-AC53-E22F974A18E7}.Release|x64.Build.0 = Release|x64
		{AE9669D9-E66A-4822-AC53-E22F974A18E7}.Release|x86.ActiveCfg = Release|Win32
		{AE9669D9-E66A-4822-AC53-E22F974A18E7}.Release|x86.Build.0 = Release|Win32
		{05672B27-9C18-4032-9C1C-060D7675C941}.Debug|x64.ActiveCfg = Debug|x64
		{05672B27-9C18-4032-9C1C-060D7675C941}.Debug|x64.Build.0 = Debug|x64
		{05672B27-9C18-4032-9C1C-060D7675C941}.Debug|x86.ActiveCfg = Debug|Win32
		{05672B27-9C18-4032-9C1C-060D7675C941}.Debug|x86.Build.0 = Debug|Win32
		{05672B27-9C18-4032-9C1C-060D7675C941}.Release|x64.ActiveCfg = Release|x64
		{05672B27-9C18-4032-9C1C-060D7675C941}.Release|x64.Build.0 = Release|x64
		{05672B27-9C18-4032-9C1C-060D7675C941}.Release|x86.ActiveCfg = Release|Win32
		{05672B27-9C18-4032-9C1C-060D7675C941}.Release|x86.Build.0 = Release|Win32
	EndGlobalSection
	GlobalSection(SolutionProperties) = preSolution
		HideSolutionNode = FALSE
	EndGlobalSection
	GlobalSection(ExtensibilityGlobals) = postSolution
		SolutionGuid = {4FDD402E-2C7A-4A97-9FF3-A48909A59FEB}
	EndGlobalSection
EndGlobal
